// !$*UTF8*$!
{
	archiveVersion = 1;
	classes = {
	};
	objectVersion = 56;
	objects = {

/* Begin PBXBuildFile section */
		436110422BA1E1E30081FAA8 /* AppDelegate.swift in Sources */ = {isa = PBXBuildFile; fileRef = 436110412BA1E1E30081FAA8 /* AppDelegate.swift */; };
		436110442BA1E1E30081FAA8 /* SceneDelegate.swift in Sources */ = {isa = PBXBuildFile; fileRef = 436110432BA1E1E30081FAA8 /* SceneDelegate.swift */; };
		436110462BA1E1E30081FAA8 /* BaseTabBarController.swift in Sources */ = {isa = PBXBuildFile; fileRef = 436110452BA1E1E30081FAA8 /* BaseTabBarController.swift */; };
		4361104B2BA1E1E30081FAA8 /* Assets.xcassets in Resources */ = {isa = PBXBuildFile; fileRef = 4361104A2BA1E1E30081FAA8 /* Assets.xcassets */; };
		4361104E2BA1E1E30081FAA8 /* LaunchScreen.storyboard in Resources */ = {isa = PBXBuildFile; fileRef = 4361104C2BA1E1E30081FAA8 /* LaunchScreen.storyboard */; };
		436110562BA1ED010081FAA8 /* SearchController.swift in Sources */ = {isa = PBXBuildFile; fileRef = 436110552BA1ED010081FAA8 /* SearchController.swift */; };
		436110582BA1ED340081FAA8 /* FavoritesController.swift in Sources */ = {isa = PBXBuildFile; fileRef = 436110572BA1ED340081FAA8 /* FavoritesController.swift */; };
		4361105A2BA1ED580081FAA8 /* DownloadsController.swift in Sources */ = {isa = PBXBuildFile; fileRef = 436110592BA1ED580081FAA8 /* DownloadsController.swift */; };
		4361105C2BA1EED00081FAA8 /* BaseListController.swift in Sources */ = {isa = PBXBuildFile; fileRef = 4361105B2BA1EED00081FAA8 /* BaseListController.swift */; };
		436110622BA350890081FAA8 /* SearchCell.swift in Sources */ = {isa = PBXBuildFile; fileRef = 436110612BA350890081FAA8 /* SearchCell.swift */; };
		436110642BA351000081FAA8 /* UIView+Layout.swift in Sources */ = {isa = PBXBuildFile; fileRef = 436110632BA351000081FAA8 /* UIView+Layout.swift */; };
/* End PBXBuildFile section */

/* Begin PBXFileReference section */
		4361103E2BA1E1E30081FAA8 /* PodcastAppLBTA.app */ = {isa = PBXFileReference; explicitFileType = wrapper.application; includeInIndex = 0; path = PodcastAppLBTA.app; sourceTree = BUILT_PRODUCTS_DIR; };
		436110412BA1E1E30081FAA8 /* AppDelegate.swift */ = {isa = PBXFileReference; lastKnownFileType = sourcecode.swift; path = AppDelegate.swift; sourceTree = "<group>"; };
		436110432BA1E1E30081FAA8 /* SceneDelegate.swift */ = {isa = PBXFileReference; lastKnownFileType = sourcecode.swift; path = SceneDelegate.swift; sourceTree = "<group>"; };
		436110452BA1E1E30081FAA8 /* BaseTabBarController.swift */ = {isa = PBXFileReference; lastKnownFileType = sourcecode.swift; path = BaseTabBarController.swift; sourceTree = "<group>"; };
		4361104A2BA1E1E30081FAA8 /* Assets.xcassets */ = {isa = PBXFileReference; lastKnownFileType = folder.assetcatalog; path = Assets.xcassets; sourceTree = "<group>"; };
		4361104D2BA1E1E30081FAA8 /* Base */ = {isa = PBXFileReference; lastKnownFileType = file.storyboard; name = Base; path = Base.lproj/LaunchScreen.storyboard; sourceTree = "<group>"; };
		4361104F2BA1E1E30081FAA8 /* Info.plist */ = {isa = PBXFileReference; lastKnownFileType = text.plist.xml; path = Info.plist; sourceTree = "<group>"; };
		436110552BA1ED010081FAA8 /* SearchController.swift */ = {isa = PBXFileReference; lastKnownFileType = sourcecode.swift; path = SearchController.swift; sourceTree = "<group>"; };
		436110572BA1ED340081FAA8 /* FavoritesController.swift */ = {isa = PBXFileReference; lastKnownFileType = sourcecode.swift; path = FavoritesController.swift; sourceTree = "<group>"; };
		436110592BA1ED580081FAA8 /* DownloadsController.swift */ = {isa = PBXFileReference; lastKnownFileType = sourcecode.swift; path = DownloadsController.swift; sourceTree = "<group>"; };
		4361105B2BA1EED00081FAA8 /* BaseListController.swift */ = {isa = PBXFileReference; lastKnownFileType = sourcecode.swift; path = BaseListController.swift; sourceTree = "<group>"; };
		436110612BA350890081FAA8 /* SearchCell.swift */ = {isa = PBXFileReference; lastKnownFileType = sourcecode.swift; path = SearchCell.swift; sourceTree = "<group>"; };
		436110632BA351000081FAA8 /* UIView+Layout.swift */ = {isa = PBXFileReference; lastKnownFileType = sourcecode.swift; path = "UIView+Layout.swift"; sourceTree = "<group>"; };
/* End PBXFileReference section */

/* Begin PBXFrameworksBuildPhase section */
		4361103B2BA1E1E30081FAA8 /* Frameworks */ = {
			isa = PBXFrameworksBuildPhase;
			buildActionMask = 2147483647;
			files = (
			);
			runOnlyForDeploymentPostprocessing = 0;
		};
/* End PBXFrameworksBuildPhase section */

/* Begin PBXGroup section */
		436110352BA1E1E30081FAA8 = {
			isa = PBXGroup;
			children = (
				436110402BA1E1E30081FAA8 /* PodcastAppLBTA */,
				4361103F2BA1E1E30081FAA8 /* Products */,
			);
			sourceTree = "<group>";
		};
		4361103F2BA1E1E30081FAA8 /* Products */ = {
			isa = PBXGroup;
			children = (
				4361103E2BA1E1E30081FAA8 /* PodcastAppLBTA.app */,
			);
			name = Products;
			sourceTree = "<group>";
		};
		436110402BA1E1E30081FAA8 /* PodcastAppLBTA */ = {
			isa = PBXGroup;
			children = (
				436110412BA1E1E30081FAA8 /* AppDelegate.swift */,
				436110432BA1E1E30081FAA8 /* SceneDelegate.swift */,
				4361105F2BA1F0160081FAA8 /* MainTabBarController */,
				4361105D2BA1EFDF0081FAA8 /* Helpers */,
				4361105E2BA1EFEB0081FAA8 /* ViewControllers */,
				436110602BA350740081FAA8 /* Cells */,
				4361104A2BA1E1E30081FAA8 /* Assets.xcassets */,
				4361104C2BA1E1E30081FAA8 /* LaunchScreen.storyboard */,
				4361104F2BA1E1E30081FAA8 /* Info.plist */,
			);
			path = PodcastAppLBTA;
			sourceTree = "<group>";
		};
		4361105D2BA1EFDF0081FAA8 /* Helpers */ = {
			isa = PBXGroup;
			children = (
				4361105B2BA1EED00081FAA8 /* BaseListController.swift */,
				436110632BA351000081FAA8 /* UIView+Layout.swift */,
			);
			path = Helpers;
			sourceTree = "<group>";
		};
		4361105E2BA1EFEB0081FAA8 /* ViewControllers */ = {
			isa = PBXGroup;
			children = (
				436110552BA1ED010081FAA8 /* SearchController.swift */,
				436110572BA1ED340081FAA8 /* FavoritesController.swift */,
				436110592BA1ED580081FAA8 /* DownloadsController.swift */,
			);
			path = ViewControllers;
			sourceTree = "<group>";
		};
		4361105F2BA1F0160081FAA8 /* MainTabBarController */ = {
			isa = PBXGroup;
			children = (
				436110452BA1E1E30081FAA8 /* BaseTabBarController.swift */,
			);
			path = MainTabBarController;
			sourceTree = "<group>";
		};
		436110602BA350740081FAA8 /* Cells */ = {
			isa = PBXGroup;
			children = (
				436110612BA350890081FAA8 /* SearchCell.swift */,
			);
			path = Cells;
			sourceTree = "<group>";
		};
/* End PBXGroup section */

/* Begin PBXNativeTarget section */
		4361103D2BA1E1E30081FAA8 /* PodcastAppLBTA */ = {
			isa = PBXNativeTarget;
			buildConfigurationList = 436110522BA1E1E30081FAA8 /* Build configuration list for PBXNativeTarget "PodcastAppLBTA" */;
			buildPhases = (
				4361103A2BA1E1E30081FAA8 /* Sources */,
				4361103B2BA1E1E30081FAA8 /* Frameworks */,
				4361103C2BA1E1E30081FAA8 /* Resources */,
			);
			buildRules = (
			);
			dependencies = (
			);
			name = PodcastAppLBTA;
			productName = PodcastAppLBTA;
			productReference = 4361103E2BA1E1E30081FAA8 /* PodcastAppLBTA.app */;
			productType = "com.apple.product-type.application";
		};
/* End PBXNativeTarget section */

/* Begin PBXProject section */
		436110362BA1E1E30081FAA8 /* Project object */ = {
			isa = PBXProject;
			attributes = {
				BuildIndependentTargetsInParallel = 1;
				LastSwiftUpdateCheck = 1420;
				LastUpgradeCheck = 1420;
				TargetAttributes = {
					4361103D2BA1E1E30081FAA8 = {
						CreatedOnToolsVersion = 14.2;
					};
				};
			};
			buildConfigurationList = 436110392BA1E1E30081FAA8 /* Build configuration list for PBXProject "PodcastAppLBTA" */;
			compatibilityVersion = "Xcode 14.0";
			developmentRegion = en;
			hasScannedForEncodings = 0;
			knownRegions = (
				en,
				Base,
			);
			mainGroup = 436110352BA1E1E30081FAA8;
			productRefGroup = 4361103F2BA1E1E30081FAA8 /* Products */;
			projectDirPath = "";
			projectRoot = "";
			targets = (
				4361103D2BA1E1E30081FAA8 /* PodcastAppLBTA */,
			);
		};
/* End PBXProject section */

/* Begin PBXResourcesBuildPhase section */
		4361103C2BA1E1E30081FAA8 /* Resources */ = {
			isa = PBXResourcesBuildPhase;
			buildActionMask = 2147483647;
			files = (
				4361104E2BA1E1E30081FAA8 /* LaunchScreen.storyboard in Resources */,
				4361104B2BA1E1E30081FAA8 /* Assets.xcassets in Resources */,
			);
			runOnlyForDeploymentPostprocessing = 0;
		};
/* End PBXResourcesBuildPhase section */

/* Begin PBXSourcesBuildPhase section */
		4361103A2BA1E1E30081FAA8 /* Sources */ = {
			isa = PBXSourcesBuildPhase;
			buildActionMask = 2147483647;
			files = (
				436110462BA1E1E30081FAA8 /* BaseTabBarController.swift in Sources */,
				436110622BA350890081FAA8 /* SearchCell.swift in Sources */,
				436110422BA1E1E30081FAA8 /* AppDelegate.swift in Sources */,
				436110582BA1ED340081FAA8 /* FavoritesController.swift in Sources */,
				4361105C2BA1EED00081FAA8 /* BaseListController.swift in Sources */,
				436110642BA351000081FAA8 /* UIView+Layout.swift in Sources */,
				4361105A2BA1ED580081FAA8 /* DownloadsController.swift in Sources */,
				436110442BA1E1E30081FAA8 /* SceneDelegate.swift in Sources */,
				436110562BA1ED010081FAA8 /* SearchController.swift in Sources */,
			);
			runOnlyForDeploymentPostprocessing = 0;
		};
/* End PBXSourcesBuildPhase section */

/* Begin PBXVariantGroup section */
		4361104C2BA1E1E30081FAA8 /* LaunchScreen.storyboard */ = {
			isa = PBXVariantGroup;
			children = (
				4361104D2BA1E1E30081FAA8 /* Base */,
			);
			name = LaunchScreen.storyboard;
			sourceTree = "<group>";
		};
/* End PBXVariantGroup section */

/* Begin XCBuildConfiguration section */
		436110502BA1E1E30081FAA8 /* Debug */ = {
			isa = XCBuildConfiguration;
			buildSettings = {
				ALWAYS_SEARCH_USER_PATHS = NO;
				CLANG_ANALYZER_NONNULL = YES;
				CLANG_ANALYZER_NUMBER_OBJECT_CONVERSION = YES_AGGRESSIVE;
				CLANG_CXX_LANGUAGE_STANDARD = "gnu++20";
				CLANG_ENABLE_MODULES = YES;
				CLANG_ENABLE_OBJC_ARC = YES;
				CLANG_ENABLE_OBJC_WEAK = YES;
				CLANG_WARN_BLOCK_CAPTURE_AUTORELEASING = YES;
				CLANG_WARN_BOOL_CONVERSION = YES;
				CLANG_WARN_COMMA = YES;
				CLANG_WARN_CONSTANT_CONVERSION = YES;
				CLANG_WARN_DEPRECATED_OBJC_IMPLEMENTATIONS = YES;
				CLANG_WARN_DIRECT_OBJC_ISA_USAGE = YES_ERROR;
				CLANG_WARN_DOCUMENTATION_COMMENTS = YES;
				CLANG_WARN_EMPTY_BODY = YES;
				CLANG_WARN_ENUM_CONVERSION = YES;
				CLANG_WARN_INFINITE_RECURSION = YES;
				CLANG_WARN_INT_CONVERSION = YES;
				CLANG_WARN_NON_LITERAL_NULL_CONVERSION = YES;
				CLANG_WARN_OBJC_IMPLICIT_RETAIN_SELF = YES;
				CLANG_WARN_OBJC_LITERAL_CONVERSION = YES;
				CLANG_WARN_OBJC_ROOT_CLASS = YES_ERROR;
				CLANG_WARN_QUOTED_INCLUDE_IN_FRAMEWORK_HEADER = YES;
				CLANG_WARN_RANGE_LOOP_ANALYSIS = YES;
				CLANG_WARN_STRICT_PROTOTYPES = YES;
				CLANG_WARN_SUSPICIOUS_MOVE = YES;
				CLANG_WARN_UNGUARDED_AVAILABILITY = YES_AGGRESSIVE;
				CLANG_WARN_UNREACHABLE_CODE = YES;
				CLANG_WARN__DUPLICATE_METHOD_MATCH = YES;
				COPY_PHASE_STRIP = NO;
				DEBUG_INFORMATION_FORMAT = dwarf;
				ENABLE_STRICT_OBJC_MSGSEND = YES;
				ENABLE_TESTABILITY = YES;
				GCC_C_LANGUAGE_STANDARD = gnu11;
				GCC_DYNAMIC_NO_PIC = NO;
				GCC_NO_COMMON_BLOCKS = YES;
				GCC_OPTIMIZATION_LEVEL = 0;
				GCC_PREPROCESSOR_DEFINITIONS = (
					"DEBUG=1",
					"$(inherited)",
				);
				GCC_WARN_64_TO_32_BIT_CONVERSION = YES;
				GCC_WARN_ABOUT_RETURN_TYPE = YES_ERROR;
				GCC_WARN_UNDECLARED_SELECTOR = YES;
				GCC_WARN_UNINITIALIZED_AUTOS = YES_AGGRESSIVE;
				GCC_WARN_UNUSED_FUNCTION = YES;
				GCC_WARN_UNUSED_VARIABLE = YES;
				IPHONEOS_DEPLOYMENT_TARGET = 16.2;
				MTL_ENABLE_DEBUG_INFO = INCLUDE_SOURCE;
				MTL_FAST_MATH = YES;
				ONLY_ACTIVE_ARCH = YES;
				SDKROOT = iphoneos;
				SWIFT_ACTIVE_COMPILATION_CONDITIONS = DEBUG;
				SWIFT_OPTIMIZATION_LEVEL = "-Onone";
			};
			name = Debug;
		};
		436110512BA1E1E30081FAA8 /* Release */ = {
			isa = XCBuildConfiguration;
			buildSettings = {
				ALWAYS_SEARCH_USER_PATHS = NO;
				CLANG_ANALYZER_NONNULL = YES;
				CLANG_ANALYZER_NUMBER_OBJECT_CONVERSION = YES_AGGRESSIVE;
				CLANG_CXX_LANGUAGE_STANDARD = "gnu++20";
				CLANG_ENABLE_MODULES = YES;
				CLANG_ENABLE_OBJC_ARC = YES;
				CLANG_ENABLE_OBJC_WEAK = YES;
				CLANG_WARN_BLOCK_CAPTURE_AUTORELEASING = YES;
				CLANG_WARN_BOOL_CONVERSION = YES;
				CLANG_WARN_COMMA = YES;
				CLANG_WARN_CONSTANT_CONVERSION = YES;
				CLANG_WARN_DEPRECATED_OBJC_IMPLEMENTATIONS = YES;
				CLANG_WARN_DIRECT_OBJC_ISA_USAGE = YES_ERROR;
				CLANG_WARN_DOCUMENTATION_COMMENTS = YES;
				CLANG_WARN_EMPTY_BODY = YES;
				CLANG_WARN_ENUM_CONVERSION = YES;
				CLANG_WARN_INFINITE_RECURSION = YES;
				CLANG_WARN_INT_CONVERSION = YES;
				CLANG_WARN_NON_LITERAL_NULL_CONVERSION = YES;
				CLANG_WARN_OBJC_IMPLICIT_RETAIN_SELF = YES;
				CLANG_WARN_OBJC_LITERAL_CONVERSION = YES;
				CLANG_WARN_OBJC_ROOT_CLASS = YES_ERROR;
				CLANG_WARN_QUOTED_INCLUDE_IN_FRAMEWORK_HEADER = YES;
				CLANG_WARN_RANGE_LOOP_ANALYSIS = YES;
				CLANG_WARN_STRICT_PROTOTYPES = YES;
				CLANG_WARN_SUSPICIOUS_MOVE = YES;
				CLANG_WARN_UNGUARDED_AVAILABILITY = YES_AGGRESSIVE;
				CLANG_WARN_UNREACHABLE_CODE = YES;
				CLANG_WARN__DUPLICATE_METHOD_MATCH = YES;
				COPY_PHASE_STRIP = NO;
				DEBUG_INFORMATION_FORMAT = "dwarf-with-dsym";
				ENABLE_NS_ASSERTIONS = NO;
				ENABLE_STRICT_OBJC_MSGSEND = YES;
				GCC_C_LANGUAGE_STANDARD = gnu11;
				GCC_NO_COMMON_BLOCKS = YES;
				GCC_WARN_64_TO_32_BIT_CONVERSION = YES;
				GCC_WARN_ABOUT_RETURN_TYPE = YES_ERROR;
				GCC_WARN_UNDECLARED_SELECTOR = YES;
				GCC_WARN_UNINITIALIZED_AUTOS = YES_AGGRESSIVE;
				GCC_WARN_UNUSED_FUNCTION = YES;
				GCC_WARN_UNUSED_VARIABLE = YES;
				IPHONEOS_DEPLOYMENT_TARGET = 16.2;
				MTL_ENABLE_DEBUG_INFO = NO;
				MTL_FAST_MATH = YES;
				SDKROOT = iphoneos;
				SWIFT_COMPILATION_MODE = wholemodule;
				SWIFT_OPTIMIZATION_LEVEL = "-O";
				VALIDATE_PRODUCT = YES;
			};
			name = Release;
		};
		436110532BA1E1E30081FAA8 /* Debug */ = {
			isa = XCBuildConfiguration;
			buildSettings = {
				ASSETCATALOG_COMPILER_APPICON_NAME = AppIcon;
				ASSETCATALOG_COMPILER_GLOBAL_ACCENT_COLOR_NAME = AccentColor;
				CODE_SIGN_STYLE = Automatic;
				CURRENT_PROJECT_VERSION = 1;
				DEVELOPMENT_TEAM = C7T7MNSP5C;
				GENERATE_INFOPLIST_FILE = YES;
				INFOPLIST_FILE = PodcastAppLBTA/Info.plist;
				INFOPLIST_KEY_UIApplicationSupportsIndirectInputEvents = YES;
				INFOPLIST_KEY_UILaunchStoryboardName = LaunchScreen;
				INFOPLIST_KEY_UISupportedInterfaceOrientations_iPad = "UIInterfaceOrientationPortrait UIInterfaceOrientationPortraitUpsideDown UIInterfaceOrientationLandscapeLeft UIInterfaceOrientationLandscapeRight";
				INFOPLIST_KEY_UISupportedInterfaceOrientations_iPhone = "UIInterfaceOrientationPortrait UIInterfaceOrientationLandscapeLeft UIInterfaceOrientationLandscapeRight";
				LD_RUNPATH_SEARCH_PATHS = (
					"$(inherited)",
					"@executable_path/Frameworks",
				);
				MARKETING_VERSION = 1.0;
				PRODUCT_BUNDLE_IDENTIFIER = com.muratceyhun.PodcastAppLBTA;
				PRODUCT_NAME = "$(TARGET_NAME)";
				SWIFT_EMIT_LOC_STRINGS = YES;
				SWIFT_VERSION = 5.0;
				TARGETED_DEVICE_FAMILY = "1,2";
			};
			name = Debug;
		};
		436110542BA1E1E30081FAA8 /* Release */ = {
			isa = XCBuildConfiguration;
			buildSettings = {
				ASSETCATALOG_COMPILER_APPICON_NAME = AppIcon;
				ASSETCATALOG_COMPILER_GLOBAL_ACCENT_COLOR_NAME = AccentColor;
				CODE_SIGN_STYLE = Automatic;
				CURRENT_PROJECT_VERSION = 1;
				DEVELOPMENT_TEAM = C7T7MNSP5C;
				GENERATE_INFOPLIST_FILE = YES;
				INFOPLIST_FILE = PodcastAppLBTA/Info.plist;
				INFOPLIST_KEY_UIApplicationSupportsIndirectInputEvents = YES;
				INFOPLIST_KEY_UILaunchStoryboardName = LaunchScreen;
				INFOPLIST_KEY_UISupportedInterfaceOrientations_iPad = "UIInterfaceOrientationPortrait UIInterfaceOrientationPortraitUpsideDown UIInterfaceOrientationLandscapeLeft UIInterfaceOrientationLandscapeRight";
				INFOPLIST_KEY_UISupportedInterfaceOrientations_iPhone = "UIInterfaceOrientationPortrait UIInterfaceOrientationLandscapeLeft UIInterfaceOrientationLandscapeRight";
				LD_RUNPATH_SEARCH_PATHS = (
					"$(inherited)",
					"@executable_path/Frameworks",
				);
				MARKETING_VERSION = 1.0;
				PRODUCT_BUNDLE_IDENTIFIER = com.muratceyhun.PodcastAppLBTA;
				PRODUCT_NAME = "$(TARGET_NAME)";
				SWIFT_EMIT_LOC_STRINGS = YES;
				SWIFT_VERSION = 5.0;
				TARGETED_DEVICE_FAMILY = "1,2";
			};
			name = Release;
		};
/* End XCBuildConfiguration section */

/* Begin XCConfigurationList section */
		436110392BA1E1E30081FAA8 /* Build configuration list for PBXProject "PodcastAppLBTA" */ = {
			isa = XCConfigurationList;
			buildConfigurations = (
				436110502BA1E1E30081FAA8 /* Debug */,
				436110512BA1E1E30081FAA8 /* Release */,
			);
			defaultConfigurationIsVisible = 0;
			defaultConfigurationName = Release;
		};
		436110522BA1E1E30081FAA8 /* Build configuration list for PBXNativeTarget "PodcastAppLBTA" */ = {
			isa = XCConfigurationList;
			buildConfigurations = (
				436110532BA1E1E30081FAA8 /* Debug */,
				436110542BA1E1E30081FAA8 /* Release */,
			);
			defaultConfigurationIsVisible = 0;
			defaultConfigurationName = Release;
		};
/* End XCConfigurationList section */
	};
	rootObject = 436110362BA1E1E30081FAA8 /* Project object */;
}
