{
  "pins" : [
    {
      "identity" : "feedkit",
      "kind" : "remoteSourceControl",
      "location" : "https://github.com/nmdias/FeedKit",
      "state" : {
        "branch" : "master",
        "revision" : "fb75f2a142f658c773953ab1a6885154a8624abb"
      }
    },
    {
      "identity" : "sdwebimage",
      "kind" : "remoteSourceControl",
      "location" : "https://github.com/SDWebImage/SDWebImage",
      "state" : {
        "branch" : "master",
        "revision" : "98d058a1ea053484bc4df447153654a0e4a70549"
      }
    }
  ],
  "version" : 2
}
